
Microsoft Visual Studio Solution File, Format Version 12.00
# Visual Studio Version 17
VisualStudioVersion = 17.3.32901.215
MinimumVisualStudioVersion = 10.0.40219.1
Project("{9A19103F-16F7-4668-BE54-9A1E7A4F7556}") = "WFLite", "src\WFLite\WFLite.csproj", "{59CD868A-FF55-4BF3-A85C-2DBA0B4D6443}"
EndProject
Project("{9A19103F-16F7-4668-BE54-9A1E7A4F7556}") = "WFLite.Test", "test\WFLite.Test\WFLite.Test.csproj", "{609466D1-D8B7-4848-937D-59648ADC2549}"
EndProject
Project("{9A19103F-16F7-4668-BE54-9A1E7A4F7556}") = "WFLite.HelloWorld", "examples\WFLite.HelloWorld\WFLite.HelloWorld.csproj", "{95F18E95-7139-4CDC-AD9F-4B4A8DB98555}"
EndProject
Project("{9A19103F-16F7-4668-BE54-9A1E7A4F7556}") = "WFLite.Stopwatch", "examples\WFLite.Stopwatch\WFLite.Stopwatch.csproj", "{C2785CBC-B786-462B-AB45-B0C69E7D02DA}"
EndProject
Project("{9A19103F-16F7-4668-BE54-9A1E7A4F7556}") = "WFLite.Greeting", "examples\WFLite.Greeting\WFLite.Greeting.csproj", "{DE1BC9F6-3E76-4FB7-83D7-CD8E25213E06}"
EndProject
Global
	GlobalSection(SolutionConfigurationPlatforms) = preSolution
		Debug|Any CPU = Debug|Any CPU
		Release|Any CPU = Release|Any CPU
	EndGlobalSection
	GlobalSection(ProjectConfigurationPlatforms) = postSolution
		{59CD868A-FF55-4BF3-A85C-2DBA0B4D6443}.Debug|Any CPU.ActiveCfg = Debug|Any CPU
		{59CD868A-FF55-4BF3-A85C-2DBA0B4D6443}.Debug|Any CPU.Build.0 = Debug|Any CPU
		{59CD868A-FF55-4BF3-A85C-2DBA0B4D6443}.Release|Any CPU.ActiveCfg = Release|Any CPU
		{59CD868A-FF55-4BF3-A85C-2DBA0B4D6443}.Release|Any CPU.Build.0 = Release|Any CPU
		{609466D1-D8B7-4848-937D-59648ADC2549}.Debug|Any CPU.ActiveCfg = Debug|Any CPU
		{609466D1-D8B7-4848-937D-59648ADC2549}.Debug|Any CPU.Build.0 = Debug|Any CPU
		{609466D1-D8B7-4848-937D-59648ADC2549}.Release|Any CPU.ActiveCfg = Release|Any CPU
		{609466D1-D8B7-4848-937D-59648ADC2549}.Release|Any CPU.Build.0 = Release|Any CPU
		{95F18E95-7139-4CDC-AD9F-4B4A8DB98555}.Debug|Any CPU.ActiveCfg = Debug|Any CPU
		{95F18E95-7139-4CDC-AD9F-4B4A8DB98555}.Debug|Any CPU.Build.0 = Debug|Any CPU
		{95F18E95-7139-4CDC-AD9F-4B4A8DB98555}.Release|Any CPU.ActiveCfg = Release|Any CPU
		{95F18E95-7139-4CDC-AD9F-4B4A8DB98555}.Release|Any CPU.Build.0 = Release|Any CPU
		{C2785CBC-B786-462B-AB45-B0C69E7D02DA}.Debug|Any CPU.ActiveCfg = Debug|Any CPU
		{C2785CBC-B786-462B-AB45-B0C69E7D02DA}.Debug|Any CPU.Build.0 = Debug|Any CPU
		{C2785CBC-B786-462B-AB45-B0C69E7D02DA}.Release|Any CPU.ActiveCfg = Release|Any CPU
		{C2785CBC-B786-462B-AB45-B0C69E7D02DA}.Release|Any CPU.Build.0 = Release|Any CPU
		{DE1BC9F6-3E76-4FB7-83D7-CD8E25213E06}.Debug|Any CPU.ActiveCfg = Debug|Any CPU
		{DE1BC9F6-3E76-4FB7-83D7-CD8E25213E06}.Debug|Any CPU.Build.0 = Debug|Any CPU
		{DE1BC9F6-3E76-4FB7-83D7-CD8E25213E06}.Release|Any CPU.ActiveCfg = Release|Any CPU
		{DE1BC9F6-3E76-4FB7-83D7-CD8E25213E06}.Release|Any CPU.Build.0 = Release|Any CPU
	EndGlobalSection
	GlobalSection(SolutionProperties) = preSolution
		HideSolutionNode = FALSE
	EndGlobalSection
	GlobalSection(ExtensibilityGlobals) = postSolution
		SolutionGuid = {37899693-3F0C-42B0-BE9F-D6307CB38B92}
	EndGlobalSection
EndGlobal
